
Microsoft Visual Studio Solution File, Format Version 12.00
# Visual Studio Version 16
VisualStudioVersion = 16.0.30204.135
MinimumVisualStudioVersion = 10.0.40219.1
Project("{FAE04EC0-301F-11D3-BF4B-00C04F79EFBC}") = "FunApp2TableStoragewithQueueBlobTriggers", "FunApp2TableStoragewithQueueBlobTriggers.csproj", "{9C5386DB-5EC4-4AFF-AEE7-BDFE266653CD}"
EndProject
Global
	GlobalSection(SolutionConfigurationPlatforms) = preSolution
		Debug|Any CPU = Debug|Any CPU
		Release|Any CPU = Release|Any CPU
	EndGlobalSection
	GlobalSection(ProjectConfigurationPlatforms) = postSolution
		{9C5386DB-5EC4-4AFF-AEE7-BDFE266653CD}.Debug|Any CPU.ActiveCfg = Debug|Any CPU
		{9C5386DB-5EC4-4AFF-AEE7-BDFE266653CD}.Debug|Any CPU.Build.0 = Debug|Any CPU
		{9C5386DB-5EC4-4AFF-AEE7-BDFE266653CD}.Release|Any CPU.ActiveCfg = Release|Any CPU
		{9C5386DB-5EC4-4AFF-AEE7-BDFE266653CD}.Release|Any CPU.Build.0 = Release|Any CPU
	EndGlobalSection
	GlobalSection(SolutionProperties) = preSolution
		HideSolutionNode = FALSE
	EndGlobalSection
	GlobalSection(ExtensibilityGlobals) = postSolution
		SolutionGuid = {0C078235-590A-4845-9504-B774E8315123}
	EndGlobalSection
EndGlobal
